{
  "name": "@cathodique/wl-serv-high",
  "version": "1.0.0",
  "lockfileVersion": 3,
  "requires": true,
  "packages": {
    "": {
      "name": "@cathodique/wl-serv-high",
      "version": "1.0.0",
      "license": "MIT",
      "dependencies": {
        "@cathodique/mmap-io": "file:../mmap-io",
        "@cathodique/usocket": "file:../usocket",
        "@cathodique/wl-serv-low": "file:../wl-serv-low"
      },
      "devDependencies": {
        "@types/node": "^24.3.0",
        "typescript": "^5.9.2"
      }
    },
    "../mmap-io": {
      "name": "@cathodique/mmap-io",
      "version": "1.5.5",
      "hasInstallScript": true,
      "license": "MIT",
      "dependencies": {
        "@mapbox/node-pre-gyp": "^1.0.11",
        "errno": "*",
        "nan": "^2.23.0",
        "node-gyp": "^9.4.1",
        "run-script-os": "^1.1.6"
      },
      "devDependencies": {
        "@types/node": "^11.10.5",
        "livescript": "^1.6.0",
        "node-pre-gyp-github": "^1.4.4",
        "typescript": "^3.5.3"
      }
    },
    "../usocket": {
      "name": "@cathodique/usocket",
      "version": "1.0.7",
      "hasInstallScript": true,
      "license": "ISC",
      "dependencies": {
        "bindings": "^1.5.0",
        "debug": "^4.3.4",
        "nan": "^2.23.0",
        "node-gyp": "^11.3.0"
      },
      "devDependencies": {
        "@types/debug": "^4.1.12",
        "@types/node": "^22.10.2",
        "mocha": "^9.2.2",
        "typescript": "^5.7.2"
      }
    },
    "../wl-serv-low": {
      "name": "@cathodique/wl-serv-low",
      "version": "2.0.0",
      "license": "MIT",
      "dependencies": {
        "@cathodique/usocket": "^1.0.7",
        "fast-fifo": "^1.3.2",
        "xml-parser": "^1.2.1"
      },
      "devDependencies": {
        "@types/fast-fifo": "^1.3.0",
        "@types/node": "^24.3.0",
        "@types/xml-parser": "^1.2.33",
        "typescript": "^5.9.2"
      }
    },
    "node_modules/@cathodique/mmap-io": {
      "resolved": "../mmap-io",
      "link": true
    },
    "node_modules/@cathodique/usocket": {
      "resolved": "../usocket",
      "link": true
    },
    "node_modules/@cathodique/wl-serv-low": {
      "resolved": "../wl-serv-low",
      "link": true
    },
    "node_modules/@types/node": {
      "version": "24.3.0",
      "resolved": "https://registry.npmjs.org/@types/node/-/node-24.3.0.tgz",
      "integrity": "sha512-aPTXCrfwnDLj4VvXrm+UUCQjNEvJgNA8s5F1cvwQU+3KNltTOkBm1j30uNLyqqPNe7gE3KFzImYoZEfLhp4Yow==",
      "dev": true,
      "license": "MIT",
      "dependencies": {
        "undici-types": "~7.10.0"
      }
    },
    "node_modules/typescript": {
      "version": "5.9.2",
      "resolved": "https://registry.npmjs.org/typescript/-/typescript-5.9.2.tgz",
      "integrity": "sha512-CWBzXQrc/qOkhidw1OzBTQuYRbfyxDXJMVJ1XNwUHGROVmuaeiEm3OslpZ1RV96d7SKKjZKrSJu3+t/xlw3R9A==",
      "dev": true,
      "license": "Apache-2.0",
      "bin": {
        "tsc": "bin/tsc",
        "tsserver": "bin/tsserver"
      },
      "engines": {
        "node": ">=14.17"
      }
    },
    "node_modules/undici-types": {
      "version": "7.10.0",
      "resolved": "https://registry.npmjs.org/undici-types/-/undici-types-7.10.0.tgz",
      "integrity": "sha512-t5Fy/nfn+14LuOc2KNYg75vZqClpAiqscVvMygNnlsHBFpSXdJaYtXMcdNLpl/Qvc3P2cB3s6lOV51nqsFq4ag==",
      "dev": true,
      "license": "MIT"
    }
  }
}
